
Microsoft Visual Studio Solution File, Format Version 12.00
# Visual Studio Version 16
VisualStudioVersion = 16.0.29123.88
MinimumVisualStudioVersion = 10.0.40219.1
Project("{9A19103F-16F7-4668-BE54-9A1E7A4F7556}") = "Platform.Data.Doublets.Xml", "Platform.Data.Doublets.Xml\Platform.Data.Doublets.Xml.csproj", "{22C60EAA-7A49-44B2-BC9F-2D67C0390526}"
EndProject
Project("{9A19103F-16F7-4668-BE54-9A1E7A4F7556}") = "Platform.Data.Doublets.Xml.Tests", "Platform.Data.Doublets.Xml.Tests\Platform.Data.Doublets.Xml.Tests.csproj", "{795DFCBA-54B4-4EC2-BC2D-C1A461864118}"
EndProject
Project("{FAE04EC0-301F-11D3-BF4B-00C04F79EFBC}") = "Platform.Data.Doublets.Xml.Importer", "Platform.Data.Doublets.Xml.Importer\Platform.Data.Doublets.Xml.Importer.csproj", "{55FAC6EE-9CFB-450C-8388-AAB6DE53456E}"
EndProject
Project("{FAE04EC0-301F-11D3-BF4B-00C04F79EFBC}") = "Platform.Data.Doublets.Xml.Exporter", "Platform.Data.Doublets.Xml.Exporter\Platform.Data.Doublets.Xml.Exporter.csproj", "{AE116FF1-A892-4341-8365-55FEC32E50BE}"
EndProject
Global
	GlobalSection(SolutionConfigurationPlatforms) = preSolution
		Debug|Any CPU = Debug|Any CPU
		Release|Any CPU = Release|Any CPU
	EndGlobalSection
	GlobalSection(ProjectConfigurationPlatforms) = postSolution
		{22C60EAA-7A49-44B2-BC9F-2D67C0390526}.Debug|Any CPU.ActiveCfg = Debug|Any CPU
		{22C60EAA-7A49-44B2-BC9F-2D67C0390526}.Debug|Any CPU.Build.0 = Debug|Any CPU
		{22C60EAA-7A49-44B2-BC9F-2D67C0390526}.Release|Any CPU.ActiveCfg = Release|Any CPU
		{22C60EAA-7A49-44B2-BC9F-2D67C0390526}.Release|Any CPU.Build.0 = Release|Any CPU
		{795DFCBA-54B4-4EC2-BC2D-C1A461864118}.Debug|Any CPU.ActiveCfg = Debug|Any CPU
		{795DFCBA-54B4-4EC2-BC2D-C1A461864118}.Debug|Any CPU.Build.0 = Debug|Any CPU
		{795DFCBA-54B4-4EC2-BC2D-C1A461864118}.Release|Any CPU.ActiveCfg = Release|Any CPU
		{795DFCBA-54B4-4EC2-BC2D-C1A461864118}.Release|Any CPU.Build.0 = Release|Any CPU
		{55FAC6EE-9CFB-450C-8388-AAB6DE53456E}.Debug|Any CPU.ActiveCfg = Debug|Any CPU
		{55FAC6EE-9CFB-450C-8388-AAB6DE53456E}.Debug|Any CPU.Build.0 = Debug|Any CPU
		{55FAC6EE-9CFB-450C-8388-AAB6DE53456E}.Release|Any CPU.ActiveCfg = Release|Any CPU
		{55FAC6EE-9CFB-450C-8388-AAB6DE53456E}.Release|Any CPU.Build.0 = Release|Any CPU
		{AE116FF1-A892-4341-8365-55FEC32E50BE}.Debug|Any CPU.ActiveCfg = Debug|Any CPU
		{AE116FF1-A892-4341-8365-55FEC32E50BE}.Debug|Any CPU.Build.0 = Debug|Any CPU
		{AE116FF1-A892-4341-8365-55FEC32E50BE}.Release|Any CPU.ActiveCfg = Release|Any CPU
		{AE116FF1-A892-4341-8365-55FEC32E50BE}.Release|Any CPU.Build.0 = Release|Any CPU
	EndGlobalSection
	GlobalSection(SolutionProperties) = preSolution
		HideSolutionNode = FALSE
	EndGlobalSection
	GlobalSection(ExtensibilityGlobals) = postSolution
		SolutionGuid = {09A482D6-6C22-433C-8825-F589054D15D0}
	EndGlobalSection
EndGlobal
